
Microsoft Visual Studio Solution File, Format Version 12.00
# Visual Studio Version 17
VisualStudioVersion = 17.1.32328.378
MinimumVisualStudioVersion = 10.0.40219.1
Project("{9A19103F-16F7-4668-BE54-9A1E7A4F7556}") = "APU.WebApp", "APU.WebApp\APU.WebApp.csproj", "{EC84E57E-62FF-46C4-B7F3-079BC604B65D}"
EndProject
Project("{9A19103F-16F7-4668-BE54-9A1E7A4F7556}") = "APU.DataV2", "APU.DataV2\APU.DataV2.csproj", "{8307EE4D-9BB8-4D83-AB9A-F26CD35D8EE7}"
EndProject
Global
	GlobalSection(SolutionConfigurationPlatforms) = preSolution
		Debug|Any CPU = Debug|Any CPU
		Release|Any CPU = Release|Any CPU
	EndGlobalSection
	GlobalSection(ProjectConfigurationPlatforms) = postSolution
		{EC84E57E-62FF-46C4-B7F3-079BC604B65D}.Debug|Any CPU.ActiveCfg = Debug|Any CPU
		{EC84E57E-62FF-46C4-B7F3-079BC604B65D}.Debug|Any CPU.Build.0 = Debug|Any CPU
		{EC84E57E-62FF-46C4-B7F3-079BC604B65D}.Release|Any CPU.ActiveCfg = Release|Any CPU
		{EC84E57E-62FF-46C4-B7F3-079BC604B65D}.Release|Any CPU.Build.0 = Release|Any CPU
		{8307EE4D-9BB8-4D83-AB9A-F26CD35D8EE7}.Debug|Any CPU.ActiveCfg = Debug|Any CPU
		{8307EE4D-9BB8-4D83-AB9A-F26CD35D8EE7}.Debug|Any CPU.Build.0 = Debug|Any CPU
		{8307EE4D-9BB8-4D83-AB9A-F26CD35D8EE7}.Release|Any CPU.ActiveCfg = Release|Any CPU
		{8307EE4D-9BB8-4D83-AB9A-F26CD35D8EE7}.Release|Any CPU.Build.0 = Release|Any CPU
	EndGlobalSection
	GlobalSection(SolutionProperties) = preSolution
		HideSolutionNode = FALSE
	EndGlobalSection
	GlobalSection(ExtensibilityGlobals) = postSolution
		SolutionGuid = {EF5358E0-E674-4A95-9059-B14575801D59}
	EndGlobalSection
EndGlobal
